PODS:
  - ChatViewController (0.0.1):
    - PlaceholderUITextView
  - Kingfisher (4.10.0)
  - ObjectMapper (3.3.0)
  - PlaceholderUITextView (1.0.1)
  - SwiftyJSON (4.2.0)

DEPENDENCIES:
  - ChatViewController (from `..`)
  - Kingfisher
  - ObjectMapper
  - SwiftyJSON

SPEC REPOS:
  https://github.com/cocoapods/specs.git:
    - Kingfisher
    - ObjectMapper
    - PlaceholderUITextView
    - SwiftyJSON

EXTERNAL SOURCES:
  ChatViewController:
    :path: ".."

SPEC CHECKSUMS:
  ChatViewController: eadb3260a69fbb21cf5019e33982aef5cd6076cc
  Kingfisher: 43c4b802d8b5256cf1f4379e9cd10b329be6d3e2
  ObjectMapper: b612bf8c8e99c4dc0bb6013a51f7c27966ed5da9
  PlaceholderUITextView: c199eb40f4a55d8be4d67492d6ed1ef67b8d8811
  SwiftyJSON: c4bcba26dd9ec7a027fc8eade48e2c911f229e96

PODFILE CHECKSUM: d779e327654b3ad61badf7cba2ebd44c2e838f08

COCOAPODS: 1.6.0.beta.2
