PODS:
  - ChatViewController (1.0.0):
    - PlaceholderUITextView
  - Kingfisher (4.10.1)
  - ObjectMapper (3.4.1)
  - PlaceholderUITextView (1.0.1)
  - SwiftyJSON (4.2.0)

DEPENDENCIES:
  - ChatViewController (from `..`)
  - Kingfisher
  - ObjectMapper
  - SwiftyJSON

SPEC REPOS:
  https://github.com/cocoapods/specs.git:
    - Kingfisher
    - ObjectMapper
    - PlaceholderUITextView
    - SwiftyJSON

EXTERNAL SOURCES:
  ChatViewController:
    :path: ".."

SPEC CHECKSUMS:
  ChatViewController: ce15bb2de6f5dd5e19f5cc2ec2ed45e25a7a0aea
  Kingfisher: c148cd7b47ebde9989f6bc7c27dcaa79d81279a0
  ObjectMapper: 5311bd50ca732930959e7ca1a2de43ab823a5ced
  PlaceholderUITextView: c199eb40f4a55d8be4d67492d6ed1ef67b8d8811
  SwiftyJSON: c4bcba26dd9ec7a027fc8eade48e2c911f229e96

PODFILE CHECKSUM: d779e327654b3ad61badf7cba2ebd44c2e838f08

COCOAPODS: 1.6.0.beta.2
