PODS:
  - ChatViewController (1.1.0):
    - PlaceholderUITextView
  - Kingfisher (5.3.1)
  - PlaceholderUITextView (1.2.0)
  - SwiftyJSON (4.3.0)

DEPENDENCIES:
  - ChatViewController (from `..`)
  - Kingfisher
  - SwiftyJSON

SPEC REPOS:
  https://github.com/cocoapods/specs.git:
    - Kingfisher
    - PlaceholderUITextView
    - SwiftyJSON

EXTERNAL SOURCES:
  ChatViewController:
    :path: ".."

SPEC CHECKSUMS:
  ChatViewController: e2ab18e0a4910cce0544773239ba1549a9afe4b9
  Kingfisher: d9e7e0b209b59b8f9873aa2f37654e81a7beea51
  PlaceholderUITextView: a2158e51dc0a3217ecca2d879bbe59372292d391
  SwiftyJSON: 6faa0040f8b59dead0ee07436cbf76b73c08fd08

PODFILE CHECKSUM: dca9be4f0f56343a982263e8bd7d779297a35449

COCOAPODS: 1.6.0
