// !$*UTF8*$!
{
	archiveVersion = 1;
	classes = {
	};
	objectVersion = 50;
	objects = {

/* Begin PBXBuildFile section */
		4D47559A20CE3027005B9493 /* Message.swift in Sources */ = {isa = PBXBuildFile; fileRef = 4D47559920CE3027005B9493 /* Message.swift */; };
		4D47559C20CE305E005B9493 /* MessageViewModel.swift in Sources */ = {isa = PBXBuildFile; fileRef = 4D47559B20CE305E005B9493 /* MessageViewModel.swift */; };
		4D47559F20CE3138005B9493 /* MessageTextCell.xib in Resources */ = {isa = PBXBuildFile; fileRef = 4D47559D20CE3138005B9493 /* MessageTextCell.xib */; };
		4D4755A020CE3138005B9493 /* MessageTextCell.swift in Sources */ = {isa = PBXBuildFile; fileRef = 4D47559E20CE3138005B9493 /* MessageTextCell.swift */; };
		4D4755A520CE3AA6005B9493 /* ChatViewController.framework in Frameworks */ = {isa = PBXBuildFile; fileRef = 4DBFF6F820ADE0C600D2799A /* ChatViewController.framework */; };
		4DBFF6E320ADE04E00D2799A /* MessageViewController.swift in Sources */ = {isa = PBXBuildFile; fileRef = 4DBFF6E120ADE04E00D2799A /* MessageViewController.swift */; };
		4DBFF6E420ADE04E00D2799A /* AppDelegate.swift in Sources */ = {isa = PBXBuildFile; fileRef = 4DBFF6E220ADE04E00D2799A /* AppDelegate.swift */; };
		4DBFF6EF20ADE07E00D2799A /* Assets.xcassets in Resources */ = {isa = PBXBuildFile; fileRef = 4DBFF6E820ADE07E00D2799A /* Assets.xcassets */; };
		4DBFF6F020ADE07E00D2799A /* LaunchScreen.storyboard in Resources */ = {isa = PBXBuildFile; fileRef = 4DBFF6EA20ADE07E00D2799A /* LaunchScreen.storyboard */; };
		4DBFF6F120ADE07E00D2799A /* Main.storyboard in Resources */ = {isa = PBXBuildFile; fileRef = 4DBFF6EC20ADE07E00D2799A /* Main.storyboard */; };
/* End PBXBuildFile section */

/* Begin PBXContainerItemProxy section */
		4D4755A220CE3A94005B9493 /* PBXContainerItemProxy */ = {
			isa = PBXContainerItemProxy;
			containerPortal = 4DBFF6F320ADE0C600D2799A /* ChatViewController.xcodeproj */;
			proxyType = 1;
			remoteGlobalIDString = 4D2E8E5D20ADC1FF00DC178E;
			remoteInfo = ChatViewController;
		};
		4DBFF6F720ADE0C600D2799A /* PBXContainerItemProxy */ = {
			isa = PBXContainerItemProxy;
			containerPortal = 4DBFF6F320ADE0C600D2799A /* ChatViewController.xcodeproj */;
			proxyType = 2;
			remoteGlobalIDString = 4D2E8E5E20ADC1FF00DC178E;
			remoteInfo = ChatViewController;
		};
/* End PBXContainerItemProxy section */

/* Begin PBXFileReference section */
		4D47559920CE3027005B9493 /* Message.swift */ = {isa = PBXFileReference; lastKnownFileType = sourcecode.swift; path = Message.swift; sourceTree = "<group>"; };
		4D47559B20CE305E005B9493 /* MessageViewModel.swift */ = {isa = PBXFileReference; lastKnownFileType = sourcecode.swift; path = MessageViewModel.swift; sourceTree = "<group>"; };
		4D47559D20CE3138005B9493 /* MessageTextCell.xib */ = {isa = PBXFileReference; fileEncoding = 4; lastKnownFileType = file.xib; path = MessageTextCell.xib; sourceTree = "<group>"; };
		4D47559E20CE3138005B9493 /* MessageTextCell.swift */ = {isa = PBXFileReference; fileEncoding = 4; lastKnownFileType = sourcecode.swift; path = MessageTextCell.swift; sourceTree = "<group>"; };
		4D62995E20ADDD1B008CE39D /* iOS Example.app */ = {isa = PBXFileReference; explicitFileType = wrapper.application; includeInIndex = 0; path = "iOS Example.app"; sourceTree = BUILT_PRODUCTS_DIR; };
		4DBFF6E120ADE04E00D2799A /* MessageViewController.swift */ = {isa = PBXFileReference; fileEncoding = 4; lastKnownFileType = sourcecode.swift; path = MessageViewController.swift; sourceTree = "<group>"; };
		4DBFF6E220ADE04E00D2799A /* AppDelegate.swift */ = {isa = PBXFileReference; fileEncoding = 4; lastKnownFileType = sourcecode.swift; path = AppDelegate.swift; sourceTree = "<group>"; };
		4DBFF6E820ADE07E00D2799A /* Assets.xcassets */ = {isa = PBXFileReference; lastKnownFileType = folder.assetcatalog; name = Assets.xcassets; path = Resources/Assets.xcassets; sourceTree = SOURCE_ROOT; };
		4DBFF6EB20ADE07E00D2799A /* Base */ = {isa = PBXFileReference; lastKnownFileType = file.storyboard; name = Base; path = LaunchScreen.storyboard; sourceTree = "<group>"; };
		4DBFF6ED20ADE07E00D2799A /* Base */ = {isa = PBXFileReference; lastKnownFileType = file.storyboard; name = Base; path = Main.storyboard; sourceTree = "<group>"; };
		4DBFF6EE20ADE07E00D2799A /* Info.plist */ = {isa = PBXFileReference; fileEncoding = 4; lastKnownFileType = text.plist.xml; name = Info.plist; path = Resources/Info.plist; sourceTree = SOURCE_ROOT; };
		4DBFF6F320ADE0C600D2799A /* ChatViewController.xcodeproj */ = {isa = PBXFileReference; lastKnownFileType = "wrapper.pb-project"; name = ChatViewController.xcodeproj; path = ../ChatViewController.xcodeproj; sourceTree = "<group>"; };
/* End PBXFileReference section */

/* Begin PBXFrameworksBuildPhase section */
		4D62995B20ADDD1B008CE39D /* Frameworks */ = {
			isa = PBXFrameworksBuildPhase;
			buildActionMask = 2147483647;
			files = (
				4D4755A520CE3AA6005B9493 /* ChatViewController.framework in Frameworks */,
			);
			runOnlyForDeploymentPostprocessing = 0;
		};
/* End PBXFrameworksBuildPhase section */

/* Begin PBXGroup section */
		4D47559420CE2FB2005B9493 /* View */ = {
			isa = PBXGroup;
			children = (
				4D47559E20CE3138005B9493 /* MessageTextCell.swift */,
				4D47559D20CE3138005B9493 /* MessageTextCell.xib */,
			);
			name = View;
			sourceTree = "<group>";
		};
		4D47559620CE2FB7005B9493 /* ViewModel */ = {
			isa = PBXGroup;
			children = (
				4D47559B20CE305E005B9493 /* MessageViewModel.swift */,
			);
			name = ViewModel;
			sourceTree = "<group>";
		};
		4D47559720CE2FBE005B9493 /* Controller */ = {
			isa = PBXGroup;
			children = (
				4DBFF6E120ADE04E00D2799A /* MessageViewController.swift */,
			);
			name = Controller;
			sourceTree = "<group>";
		};
		4D47559820CE2FC6005B9493 /* Model */ = {
			isa = PBXGroup;
			children = (
				4D47559920CE3027005B9493 /* Message.swift */,
			);
			name = Model;
			sourceTree = "<group>";
		};
		4D4755A420CE3AA6005B9493 /* Frameworks */ = {
			isa = PBXGroup;
			children = (
			);
			name = Frameworks;
			sourceTree = "<group>";
		};
		4D62995520ADDD1B008CE39D = {
			isa = PBXGroup;
			children = (
				4DBFF6F320ADE0C600D2799A /* ChatViewController.xcodeproj */,
				4DBFF6E020ADE04E00D2799A /* Source */,
				4D62995F20ADDD1B008CE39D /* Products */,
				4D4755A420CE3AA6005B9493 /* Frameworks */,
			);
			sourceTree = "<group>";
		};
		4D62995F20ADDD1B008CE39D /* Products */ = {
			isa = PBXGroup;
			children = (
				4D62995E20ADDD1B008CE39D /* iOS Example.app */,
			);
			name = Products;
			sourceTree = "<group>";
		};
		4DBFF6E020ADE04E00D2799A /* Source */ = {
			isa = PBXGroup;
			children = (
				4D47559820CE2FC6005B9493 /* Model */,
				4D47559720CE2FBE005B9493 /* Controller */,
				4D47559620CE2FB7005B9493 /* ViewModel */,
				4D47559420CE2FB2005B9493 /* View */,
				4DBFF6E620ADE06000D2799A /* Supporting Files */,
				4DBFF6E220ADE04E00D2799A /* AppDelegate.swift */,
			);
			path = Source;
			sourceTree = "<group>";
		};
		4DBFF6E620ADE06000D2799A /* Supporting Files */ = {
			isa = PBXGroup;
			children = (
				4DBFF6E820ADE07E00D2799A /* Assets.xcassets */,
				4DBFF6E920ADE07E00D2799A /* Base.lproj */,
				4DBFF6EE20ADE07E00D2799A /* Info.plist */,
			);
			name = "Supporting Files";
			sourceTree = "<group>";
		};
		4DBFF6E920ADE07E00D2799A /* Base.lproj */ = {
			isa = PBXGroup;
			children = (
				4DBFF6EA20ADE07E00D2799A /* LaunchScreen.storyboard */,
				4DBFF6EC20ADE07E00D2799A /* Main.storyboard */,
			);
			name = Base.lproj;
			path = Resources/Base.lproj;
			sourceTree = SOURCE_ROOT;
		};
		4DBFF6F420ADE0C600D2799A /* Products */ = {
			isa = PBXGroup;
			children = (
				4DBFF6F820ADE0C600D2799A /* ChatViewController.framework */,
			);
			name = Products;
			sourceTree = "<group>";
		};
/* End PBXGroup section */

/* Begin PBXNativeTarget section */
		4D62995D20ADDD1B008CE39D /* iOS Example */ = {
			isa = PBXNativeTarget;
			buildConfigurationList = 4D62997020ADDD1C008CE39D /* Build configuration list for PBXNativeTarget "iOS Example" */;
			buildPhases = (
				4D62995A20ADDD1B008CE39D /* Sources */,
				4D62995B20ADDD1B008CE39D /* Frameworks */,
				4D62995C20ADDD1B008CE39D /* Resources */,
			);
			buildRules = (
			);
			dependencies = (
				4D4755A320CE3A94005B9493 /* PBXTargetDependency */,
			);
			name = "iOS Example";
			productName = "iOS Example";
			productReference = 4D62995E20ADDD1B008CE39D /* iOS Example.app */;
			productType = "com.apple.product-type.application";
		};
/* End PBXNativeTarget section */

/* Begin PBXProject section */
		4D62995620ADDD1B008CE39D /* Project object */ = {
			isa = PBXProject;
			attributes = {
				LastSwiftUpdateCheck = 0930;
				LastUpgradeCheck = 0930;
				ORGANIZATIONNAME = toprating;
				TargetAttributes = {
					4D62995D20ADDD1B008CE39D = {
						CreatedOnToolsVersion = 9.3;
					};
				};
			};
			buildConfigurationList = 4D62995920ADDD1B008CE39D /* Build configuration list for PBXProject "iOS Example" */;
			compatibilityVersion = "Xcode 9.3";
			developmentRegion = en;
			hasScannedForEncodings = 0;
			knownRegions = (
				en,
				Base,
			);
			mainGroup = 4D62995520ADDD1B008CE39D;
			productRefGroup = 4D62995F20ADDD1B008CE39D /* Products */;
			projectDirPath = "";
			projectReferences = (
				{
					ProductGroup = 4DBFF6F420ADE0C600D2799A /* Products */;
					ProjectRef = 4DBFF6F320ADE0C600D2799A /* ChatViewController.xcodeproj */;
				},
			);
			projectRoot = "";
			targets = (
				4D62995D20ADDD1B008CE39D /* iOS Example */,
			);
		};
/* End PBXProject section */

/* Begin PBXReferenceProxy section */
		4DBFF6F820ADE0C600D2799A /* ChatViewController.framework */ = {
			isa = PBXReferenceProxy;
			fileType = wrapper.framework;
			path = ChatViewController.framework;
			remoteRef = 4DBFF6F720ADE0C600D2799A /* PBXContainerItemProxy */;
			sourceTree = BUILT_PRODUCTS_DIR;
		};
/* End PBXReferenceProxy section */

/* Begin PBXResourcesBuildPhase section */
		4D62995C20ADDD1B008CE39D /* Resources */ = {
			isa = PBXResourcesBuildPhase;
			buildActionMask = 2147483647;
			files = (
				4DBFF6F120ADE07E00D2799A /* Main.storyboard in Resources */,
				4DBFF6EF20ADE07E00D2799A /* Assets.xcassets in Resources */,
				4D47559F20CE3138005B9493 /* MessageTextCell.xib in Resources */,
				4DBFF6F020ADE07E00D2799A /* LaunchScreen.storyboard in Resources */,
			);
			runOnlyForDeploymentPostprocessing = 0;
		};
/* End PBXResourcesBuildPhase section */

/* Begin PBXSourcesBuildPhase section */
		4D62995A20ADDD1B008CE39D /* Sources */ = {
			isa = PBXSourcesBuildPhase;
			buildActionMask = 2147483647;
			files = (
				4D4755A020CE3138005B9493 /* MessageTextCell.swift in Sources */,
				4D47559A20CE3027005B9493 /* Message.swift in Sources */,
				4DBFF6E420ADE04E00D2799A /* AppDelegate.swift in Sources */,
				4D47559C20CE305E005B9493 /* MessageViewModel.swift in Sources */,
				4DBFF6E320ADE04E00D2799A /* MessageViewController.swift in Sources */,
			);
			runOnlyForDeploymentPostprocessing = 0;
		};
/* End PBXSourcesBuildPhase section */

/* Begin PBXTargetDependency section */
		4D4755A320CE3A94005B9493 /* PBXTargetDependency */ = {
			isa = PBXTargetDependency;
			name = ChatViewController;
			targetProxy = 4D4755A220CE3A94005B9493 /* PBXContainerItemProxy */;
		};
/* End PBXTargetDependency section */

/* Begin PBXVariantGroup section */
		4DBFF6EA20ADE07E00D2799A /* LaunchScreen.storyboard */ = {
			isa = PBXVariantGroup;
			children = (
				4DBFF6EB20ADE07E00D2799A /* Base */,
			);
			name = LaunchScreen.storyboard;
			sourceTree = "<group>";
		};
		4DBFF6EC20ADE07E00D2799A /* Main.storyboard */ = {
			isa = PBXVariantGroup;
			children = (
				4DBFF6ED20ADE07E00D2799A /* Base */,
			);
			name = Main.storyboard;
			sourceTree = "<group>";
		};
/* End PBXVariantGroup section */

/* Begin XCBuildConfiguration section */
		4D62996E20ADDD1C008CE39D /* Debug */ = {
			isa = XCBuildConfiguration;
			buildSettings = {
				ALWAYS_SEARCH_USER_PATHS = NO;
				CLANG_ANALYZER_NONNULL = YES;
				CLANG_ANALYZER_NUMBER_OBJECT_CONVERSION = YES_AGGRESSIVE;
				CLANG_CXX_LANGUAGE_STANDARD = "gnu++14";
				CLANG_CXX_LIBRARY = "libc++";
				CLANG_ENABLE_MODULES = YES;
				CLANG_ENABLE_OBJC_ARC = YES;
				CLANG_ENABLE_OBJC_WEAK = YES;
				CLANG_WARN_BLOCK_CAPTURE_AUTORELEASING = YES;
				CLANG_WARN_BOOL_CONVERSION = YES;
				CLANG_WARN_COMMA = YES;
				CLANG_WARN_CONSTANT_CONVERSION = YES;
				CLANG_WARN_DEPRECATED_OBJC_IMPLEMENTATIONS = YES;
				CLANG_WARN_DIRECT_OBJC_ISA_USAGE = YES_ERROR;
				CLANG_WARN_DOCUMENTATION_COMMENTS = YES;
				CLANG_WARN_EMPTY_BODY = YES;
				CLANG_WARN_ENUM_CONVERSION = YES;
				CLANG_WARN_INFINITE_RECURSION = YES;
				CLANG_WARN_INT_CONVERSION = YES;
				CLANG_WARN_NON_LITERAL_NULL_CONVERSION = YES;
				CLANG_WARN_OBJC_IMPLICIT_RETAIN_SELF = YES;
				CLANG_WARN_OBJC_LITERAL_CONVERSION = YES;
				CLANG_WARN_OBJC_ROOT_CLASS = YES_ERROR;
				CLANG_WARN_RANGE_LOOP_ANALYSIS = YES;
				CLANG_WARN_STRICT_PROTOTYPES = YES;
				CLANG_WARN_SUSPICIOUS_MOVE = YES;
				CLANG_WARN_UNGUARDED_AVAILABILITY = YES_AGGRESSIVE;
				CLANG_WARN_UNREACHABLE_CODE = YES;
				CLANG_WARN__DUPLICATE_METHOD_MATCH = YES;
				CODE_SIGN_IDENTITY = "iPhone Developer";
				COPY_PHASE_STRIP = NO;
				DEBUG_INFORMATION_FORMAT = dwarf;
				ENABLE_STRICT_OBJC_MSGSEND = YES;
				ENABLE_TESTABILITY = YES;
				GCC_C_LANGUAGE_STANDARD = gnu11;
				GCC_DYNAMIC_NO_PIC = NO;
				GCC_NO_COMMON_BLOCKS = YES;
				GCC_OPTIMIZATION_LEVEL = 0;
				GCC_PREPROCESSOR_DEFINITIONS = (
					"DEBUG=1",
					"$(inherited)",
				);
				GCC_WARN_64_TO_32_BIT_CONVERSION = YES;
				GCC_WARN_ABOUT_RETURN_TYPE = YES_ERROR;
				GCC_WARN_UNDECLARED_SELECTOR = YES;
				GCC_WARN_UNINITIALIZED_AUTOS = YES_AGGRESSIVE;
				GCC_WARN_UNUSED_FUNCTION = YES;
				GCC_WARN_UNUSED_VARIABLE = YES;
				IPHONEOS_DEPLOYMENT_TARGET = 11.3;
				MTL_ENABLE_DEBUG_INFO = YES;
				ONLY_ACTIVE_ARCH = YES;
				SDKROOT = iphoneos;
				SWIFT_ACTIVE_COMPILATION_CONDITIONS = DEBUG;
				SWIFT_OPTIMIZATION_LEVEL = "-Onone";
			};
			name = Debug;
		};
		4D62996F20ADDD1C008CE39D /* Release */ = {
			isa = XCBuildConfiguration;
			buildSettings = {
				ALWAYS_SEARCH_USER_PATHS = NO;
				CLANG_ANALYZER_NONNULL = YES;
				CLANG_ANALYZER_NUMBER_OBJECT_CONVERSION = YES_AGGRESSIVE;
				CLANG_CXX_LANGUAGE_STANDARD = "gnu++14";
				CLANG_CXX_LIBRARY = "libc++";
				CLANG_ENABLE_MODULES = YES;
				CLANG_ENABLE_OBJC_ARC = YES;
				CLANG_ENABLE_OBJC_WEAK = YES;
				CLANG_WARN_BLOCK_CAPTURE_AUTORELEASING = YES;
				CLANG_WARN_BOOL_CONVERSION = YES;
				CLANG_WARN_COMMA = YES;
				CLANG_WARN_CONSTANT_CONVERSION = YES;
				CLANG_WARN_DEPRECATED_OBJC_IMPLEMENTATIONS = YES;
				CLANG_WARN_DIRECT_OBJC_ISA_USAGE = YES_ERROR;
				CLANG_WARN_DOCUMENTATION_COMMENTS = YES;
				CLANG_WARN_EMPTY_BODY = YES;
				CLANG_WARN_ENUM_CONVERSION = YES;
				CLANG_WARN_INFINITE_RECURSION = YES;
				CLANG_WARN_INT_CONVERSION = YES;
				CLANG_WARN_NON_LITERAL_NULL_CONVERSION = YES;
				CLANG_WARN_OBJC_IMPLICIT_RETAIN_SELF = YES;
				CLANG_WARN_OBJC_LITERAL_CONVERSION = YES;
				CLANG_WARN_OBJC_ROOT_CLASS = YES_ERROR;
				CLANG_WARN_RANGE_LOOP_ANALYSIS = YES;
				CLANG_WARN_STRICT_PROTOTYPES = YES;
				CLANG_WARN_SUSPICIOUS_MOVE = YES;
				CLANG_WARN_UNGUARDED_AVAILABILITY = YES_AGGRESSIVE;
				CLANG_WARN_UNREACHABLE_CODE = YES;
				CLANG_WARN__DUPLICATE_METHOD_MATCH = YES;
				CODE_SIGN_IDENTITY = "iPhone Developer";
				COPY_PHASE_STRIP = NO;
				DEBUG_INFORMATION_FORMAT = "dwarf-with-dsym";
				ENABLE_NS_ASSERTIONS = NO;
				ENABLE_STRICT_OBJC_MSGSEND = YES;
				GCC_C_LANGUAGE_STANDARD = gnu11;
				GCC_NO_COMMON_BLOCKS = YES;
				GCC_WARN_64_TO_32_BIT_CONVERSION = YES;
				GCC_WARN_ABOUT_RETURN_TYPE = YES_ERROR;
				GCC_WARN_UNDECLARED_SELECTOR = YES;
				GCC_WARN_UNINITIALIZED_AUTOS = YES_AGGRESSIVE;
				GCC_WARN_UNUSED_FUNCTION = YES;
				GCC_WARN_UNUSED_VARIABLE = YES;
				IPHONEOS_DEPLOYMENT_TARGET = 11.3;
				MTL_ENABLE_DEBUG_INFO = NO;
				SDKROOT = iphoneos;
				SWIFT_COMPILATION_MODE = wholemodule;
				SWIFT_OPTIMIZATION_LEVEL = "-O";
				VALIDATE_PRODUCT = YES;
			};
			name = Release;
		};
		4D62997120ADDD1C008CE39D /* Debug */ = {
			isa = XCBuildConfiguration;
			buildSettings = {
				ASSETCATALOG_COMPILER_APPICON_NAME = AppIcon;
				CODE_SIGN_STYLE = Automatic;
				DEVELOPMENT_TEAM = 6ZVUJ9G9RV;
				INFOPLIST_FILE = "$(SRCROOT)/Resources/Info.plist";
				LD_RUNPATH_SEARCH_PATHS = (
					"$(inherited)",
					"@executable_path/Frameworks",
				);
				PRODUCT_BUNDLE_IDENTIFIER = "org.toprating.iOS-Example";
				PRODUCT_NAME = "$(TARGET_NAME)";
				SWIFT_VERSION = 4.0;
				TARGETED_DEVICE_FAMILY = "1,2";
			};
			name = Debug;
		};
		4D62997220ADDD1C008CE39D /* Release */ = {
			isa = XCBuildConfiguration;
			buildSettings = {
				ASSETCATALOG_COMPILER_APPICON_NAME = AppIcon;
				CODE_SIGN_STYLE = Automatic;
				DEVELOPMENT_TEAM = 6ZVUJ9G9RV;
				INFOPLIST_FILE = "$(SRCROOT)/Resources/Info.plist";
				LD_RUNPATH_SEARCH_PATHS = (
					"$(inherited)",
					"@executable_path/Frameworks",
				);
				PRODUCT_BUNDLE_IDENTIFIER = "org.toprating.iOS-Example";
				PRODUCT_NAME = "$(TARGET_NAME)";
				SWIFT_VERSION = 4.0;
				TARGETED_DEVICE_FAMILY = "1,2";
			};
			name = Release;
		};
/* End XCBuildConfiguration section */

/* Begin XCConfigurationList section */
		4D62995920ADDD1B008CE39D /* Build configuration list for PBXProject "iOS Example" */ = {
			isa = XCConfigurationList;
			buildConfigurations = (
				4D62996E20ADDD1C008CE39D /* Debug */,
				4D62996F20ADDD1C008CE39D /* Release */,
			);
			defaultConfigurationIsVisible = 0;
			defaultConfigurationName = Release;
		};
		4D62997020ADDD1C008CE39D /* Build configuration list for PBXNativeTarget "iOS Example" */ = {
			isa = XCConfigurationList;
			buildConfigurations = (
				4D62997120ADDD1C008CE39D /* Debug */,
				4D62997220ADDD1C008CE39D /* Release */,
			);
			defaultConfigurationIsVisible = 0;
			defaultConfigurationName = Release;
		};
/* End XCConfigurationList section */
	};
	rootObject = 4D62995620ADDD1B008CE39D /* Project object */;
}
